
Microsoft Visual Studio Solution File, Format Version 12.00
# Visual Studio 14
VisualStudioVersion = 14.0.25420.1
MinimumVisualStudioVersion = 10.0.40219.1
Project("{FAE04EC0-301F-11D3-BF4B-00C04F79EFBC}") = "Admin.KetNoiB2B", "KetNoiB2B\Admin.KetNoiB2B.csproj", "{4F06BA28-F9DF-43F7-8092-62756B23DDD6}"
EndProject
Project("{2150E333-8FDC-42A3-9474-1A3956D46DE8}") = "1.Presentation", "1.Presentation", "{83B23B7E-395A-4522-BC7A-FCE01F2383E7}"
EndProject
Project("{2150E333-8FDC-42A3-9474-1A3956D46DE8}") = "2.ToolAdmin", "2.ToolAdmin", "{1BAC22A0-56B4-4021-BD14-8652351E02EA}"
EndProject
Project("{2150E333-8FDC-42A3-9474-1A3956D46DE8}") = "3.3rd-Party", "3.3rd-Party", "{6958B82B-2DE2-4AF3-B539-B099E6449CA6}"
EndProject
Project("{FAE04EC0-301F-11D3-BF4B-00C04F79EFBC}") = "Dapper", "Dapper\Dapper.csproj", "{50C8BE92-54FC-4F9F-9BD9-2B79B6EAED65}"
EndProject
Project("{2150E333-8FDC-42A3-9474-1A3956D46DE8}") = "4.Libraries", "4.Libraries", "{1359F216-F6B4-4A54-BAB9-B0662323BFCD}"
EndProject
Project("{FAE04EC0-301F-11D3-BF4B-00C04F79EFBC}") = "MvcRazorToPdf", "MvcRazorToPdf\MvcRazorToPdf.csproj", "{50E76C53-09C0-4A25-91A7-16C78F50BAE2}"
EndProject
Project("{FAE04EC0-301F-11D3-BF4B-00C04F79EFBC}") = "SETA.Common", "SETA.Common\SETA.Common.csproj", "{4D0B7A95-0A6D-4DAC-9CFD-4AC04C61F358}"
EndProject
Project("{FAE04EC0-301F-11D3-BF4B-00C04F79EFBC}") = "SecureNetRestApiSDK", "SecureNetRestApiSDK\SecureNetRestApiSDK.csproj", "{06162613-960B-4949-9617-6DB96CF4B325}"
EndProject
Project("{FAE04EC0-301F-11D3-BF4B-00C04F79EFBC}") = "SNET.Core", "SNET.Core\SNET.Core.csproj", "{773C5633-1029-4F1B-A6A4-42BC3274AAC4}"
EndProject
Project("{FAE04EC0-301F-11D3-BF4B-00C04F79EFBC}") = "SETA.Core", "SETA.Core\SETA.Core.csproj", "{94E1C53D-CED4-410E-805B-144284FD2602}"
EndProject
Project("{2150E333-8FDC-42A3-9474-1A3956D46DE8}") = "5.Entity", "5.Entity", "{C1B505C5-512D-4D1E-A51A-31062A06B3C6}"
EndProject
Project("{FAE04EC0-301F-11D3-BF4B-00C04F79EFBC}") = "SETA.Entity", "SETA.Entity\SETA.Entity.csproj", "{16E4F023-D367-4E48-B56F-2C37D2F07999}"
EndProject
Project("{2150E333-8FDC-42A3-9474-1A3956D46DE8}") = "6.DataAccess", "6.DataAccess", "{429C01C7-21C5-44F6-8D55-89029B7BA20A}"
EndProject
Project("{FAE04EC0-301F-11D3-BF4B-00C04F79EFBC}") = "SETA.DataAccess", "SETA.DataAccess\SETA.DataAccess.csproj", "{BE5C3AD6-74FF-4583-930B-30656AC59C4D}"
EndProject
Project("{2150E333-8FDC-42A3-9474-1A3956D46DE8}") = "7.BusinessLogic", "7.BusinessLogic", "{29B69832-E2F4-41A3-9DFE-60BCE0A07654}"
EndProject
Project("{FAE04EC0-301F-11D3-BF4B-00C04F79EFBC}") = "SETA.BusinessLogic", "SETA.BusinessLogic\SETA.BusinessLogic.csproj", "{A2E99C02-6C20-490E-8227-8C88F0C959F9}"
EndProject
Project("{FAE04EC0-301F-11D3-BF4B-00C04F79EFBC}") = "KetNoiB2B", "KetNoiB2B.Public\KetNoiB2B\KetNoiB2B.csproj", "{2B7326F0-A712-4C72-B7B9-0B942603A7D0}"
EndProject
Global
	GlobalSection(SolutionConfigurationPlatforms) = preSolution
		Debug|Any CPU = Debug|Any CPU
		Live|Any CPU = Live|Any CPU
		Release|Any CPU = Release|Any CPU
	EndGlobalSection
	GlobalSection(ProjectConfigurationPlatforms) = postSolution
		{4F06BA28-F9DF-43F7-8092-62756B23DDD6}.Debug|Any CPU.ActiveCfg = Debug|Any CPU
		{4F06BA28-F9DF-43F7-8092-62756B23DDD6}.Debug|Any CPU.Build.0 = Debug|Any CPU
		{4F06BA28-F9DF-43F7-8092-62756B23DDD6}.Live|Any CPU.ActiveCfg = Release|Any CPU
		{4F06BA28-F9DF-43F7-8092-62756B23DDD6}.Live|Any CPU.Build.0 = Release|Any CPU
		{4F06BA28-F9DF-43F7-8092-62756B23DDD6}.Release|Any CPU.ActiveCfg = Release|Any CPU
		{4F06BA28-F9DF-43F7-8092-62756B23DDD6}.Release|Any CPU.Build.0 = Release|Any CPU
		{50C8BE92-54FC-4F9F-9BD9-2B79B6EAED65}.Debug|Any CPU.ActiveCfg = Debug|Any CPU
		{50C8BE92-54FC-4F9F-9BD9-2B79B6EAED65}.Debug|Any CPU.Build.0 = Debug|Any CPU
		{50C8BE92-54FC-4F9F-9BD9-2B79B6EAED65}.Live|Any CPU.ActiveCfg = Live|Any CPU
		{50C8BE92-54FC-4F9F-9BD9-2B79B6EAED65}.Live|Any CPU.Build.0 = Live|Any CPU
		{50C8BE92-54FC-4F9F-9BD9-2B79B6EAED65}.Release|Any CPU.ActiveCfg = Release|Any CPU
		{50C8BE92-54FC-4F9F-9BD9-2B79B6EAED65}.Release|Any CPU.Build.0 = Release|Any CPU
		{50E76C53-09C0-4A25-91A7-16C78F50BAE2}.Debug|Any CPU.ActiveCfg = Debug|Any CPU
		{50E76C53-09C0-4A25-91A7-16C78F50BAE2}.Debug|Any CPU.Build.0 = Debug|Any CPU
		{50E76C53-09C0-4A25-91A7-16C78F50BAE2}.Live|Any CPU.ActiveCfg = Live|Any CPU
		{50E76C53-09C0-4A25-91A7-16C78F50BAE2}.Live|Any CPU.Build.0 = Live|Any CPU
		{50E76C53-09C0-4A25-91A7-16C78F50BAE2}.Release|Any CPU.ActiveCfg = Release|Any CPU
		{50E76C53-09C0-4A25-91A7-16C78F50BAE2}.Release|Any CPU.Build.0 = Release|Any CPU
		{4D0B7A95-0A6D-4DAC-9CFD-4AC04C61F358}.Debug|Any CPU.ActiveCfg = Debug|Any CPU
		{4D0B7A95-0A6D-4DAC-9CFD-4AC04C61F358}.Debug|Any CPU.Build.0 = Debug|Any CPU
		{4D0B7A95-0A6D-4DAC-9CFD-4AC04C61F358}.Live|Any CPU.ActiveCfg = Live|Any CPU
		{4D0B7A95-0A6D-4DAC-9CFD-4AC04C61F358}.Live|Any CPU.Build.0 = Live|Any CPU
		{4D0B7A95-0A6D-4DAC-9CFD-4AC04C61F358}.Release|Any CPU.ActiveCfg = Debug|Any CPU
		{4D0B7A95-0A6D-4DAC-9CFD-4AC04C61F358}.Release|Any CPU.Build.0 = Debug|Any CPU
		{06162613-960B-4949-9617-6DB96CF4B325}.Debug|Any CPU.ActiveCfg = Debug|Any CPU
		{06162613-960B-4949-9617-6DB96CF4B325}.Debug|Any CPU.Build.0 = Debug|Any CPU
		{06162613-960B-4949-9617-6DB96CF4B325}.Live|Any CPU.ActiveCfg = Live|Any CPU
		{06162613-960B-4949-9617-6DB96CF4B325}.Live|Any CPU.Build.0 = Live|Any CPU
		{06162613-960B-4949-9617-6DB96CF4B325}.Release|Any CPU.ActiveCfg = Release|Any CPU
		{06162613-960B-4949-9617-6DB96CF4B325}.Release|Any CPU.Build.0 = Release|Any CPU
		{773C5633-1029-4F1B-A6A4-42BC3274AAC4}.Debug|Any CPU.ActiveCfg = Debug|Any CPU
		{773C5633-1029-4F1B-A6A4-42BC3274AAC4}.Debug|Any CPU.Build.0 = Debug|Any CPU
		{773C5633-1029-4F1B-A6A4-42BC3274AAC4}.Live|Any CPU.ActiveCfg = Live|Any CPU
		{773C5633-1029-4F1B-A6A4-42BC3274AAC4}.Live|Any CPU.Build.0 = Live|Any CPU
		{773C5633-1029-4F1B-A6A4-42BC3274AAC4}.Release|Any CPU.ActiveCfg = Release|Any CPU
		{773C5633-1029-4F1B-A6A4-42BC3274AAC4}.Release|Any CPU.Build.0 = Release|Any CPU
		{94E1C53D-CED4-410E-805B-144284FD2602}.Debug|Any CPU.ActiveCfg = Debug|Any CPU
		{94E1C53D-CED4-410E-805B-144284FD2602}.Debug|Any CPU.Build.0 = Debug|Any CPU
		{94E1C53D-CED4-410E-805B-144284FD2602}.Live|Any CPU.ActiveCfg = Live|Any CPU
		{94E1C53D-CED4-410E-805B-144284FD2602}.Live|Any CPU.Build.0 = Live|Any CPU
		{94E1C53D-CED4-410E-805B-144284FD2602}.Release|Any CPU.ActiveCfg = Debug|Any CPU
		{94E1C53D-CED4-410E-805B-144284FD2602}.Release|Any CPU.Build.0 = Debug|Any CPU
		{16E4F023-D367-4E48-B56F-2C37D2F07999}.Debug|Any CPU.ActiveCfg = Debug|Any CPU
		{16E4F023-D367-4E48-B56F-2C37D2F07999}.Debug|Any CPU.Build.0 = Debug|Any CPU
		{16E4F023-D367-4E48-B56F-2C37D2F07999}.Live|Any CPU.ActiveCfg = Live|Any CPU
		{16E4F023-D367-4E48-B56F-2C37D2F07999}.Live|Any CPU.Build.0 = Live|Any CPU
		{16E4F023-D367-4E48-B56F-2C37D2F07999}.Release|Any CPU.ActiveCfg = Release|Any CPU
		{16E4F023-D367-4E48-B56F-2C37D2F07999}.Release|Any CPU.Build.0 = Release|Any CPU
		{BE5C3AD6-74FF-4583-930B-30656AC59C4D}.Debug|Any CPU.ActiveCfg = Debug|Any CPU
		{BE5C3AD6-74FF-4583-930B-30656AC59C4D}.Debug|Any CPU.Build.0 = Debug|Any CPU
		{BE5C3AD6-74FF-4583-930B-30656AC59C4D}.Live|Any CPU.ActiveCfg = Live|Any CPU
		{BE5C3AD6-74FF-4583-930B-30656AC59C4D}.Live|Any CPU.Build.0 = Live|Any CPU
		{BE5C3AD6-74FF-4583-930B-30656AC59C4D}.Release|Any CPU.ActiveCfg = Release|Any CPU
		{BE5C3AD6-74FF-4583-930B-30656AC59C4D}.Release|Any CPU.Build.0 = Release|Any CPU
		{A2E99C02-6C20-490E-8227-8C88F0C959F9}.Debug|Any CPU.ActiveCfg = Debug|Any CPU
		{A2E99C02-6C20-490E-8227-8C88F0C959F9}.Debug|Any CPU.Build.0 = Debug|Any CPU
		{A2E99C02-6C20-490E-8227-8C88F0C959F9}.Live|Any CPU.ActiveCfg = Live|Any CPU
		{A2E99C02-6C20-490E-8227-8C88F0C959F9}.Live|Any CPU.Build.0 = Live|Any CPU
		{A2E99C02-6C20-490E-8227-8C88F0C959F9}.Release|Any CPU.ActiveCfg = Release|Any CPU
		{A2E99C02-6C20-490E-8227-8C88F0C959F9}.Release|Any CPU.Build.0 = Release|Any CPU
		{2B7326F0-A712-4C72-B7B9-0B942603A7D0}.Debug|Any CPU.ActiveCfg = Debug|Any CPU
		{2B7326F0-A712-4C72-B7B9-0B942603A7D0}.Debug|Any CPU.Build.0 = Debug|Any CPU
		{2B7326F0-A712-4C72-B7B9-0B942603A7D0}.Live|Any CPU.ActiveCfg = Release|Any CPU
		{2B7326F0-A712-4C72-B7B9-0B942603A7D0}.Live|Any CPU.Build.0 = Release|Any CPU
		{2B7326F0-A712-4C72-B7B9-0B942603A7D0}.Release|Any CPU.ActiveCfg = Release|Any CPU
		{2B7326F0-A712-4C72-B7B9-0B942603A7D0}.Release|Any CPU.Build.0 = Release|Any CPU
	EndGlobalSection
	GlobalSection(SolutionProperties) = preSolution
		HideSolutionNode = FALSE
	EndGlobalSection
	GlobalSection(NestedProjects) = preSolution
		{4F06BA28-F9DF-43F7-8092-62756B23DDD6} = {1BAC22A0-56B4-4021-BD14-8652351E02EA}
		{50C8BE92-54FC-4F9F-9BD9-2B79B6EAED65} = {6958B82B-2DE2-4AF3-B539-B099E6449CA6}
		{50E76C53-09C0-4A25-91A7-16C78F50BAE2} = {1359F216-F6B4-4A54-BAB9-B0662323BFCD}
		{4D0B7A95-0A6D-4DAC-9CFD-4AC04C61F358} = {1359F216-F6B4-4A54-BAB9-B0662323BFCD}
		{06162613-960B-4949-9617-6DB96CF4B325} = {1359F216-F6B4-4A54-BAB9-B0662323BFCD}
		{773C5633-1029-4F1B-A6A4-42BC3274AAC4} = {1359F216-F6B4-4A54-BAB9-B0662323BFCD}
		{94E1C53D-CED4-410E-805B-144284FD2602} = {1359F216-F6B4-4A54-BAB9-B0662323BFCD}
		{16E4F023-D367-4E48-B56F-2C37D2F07999} = {C1B505C5-512D-4D1E-A51A-31062A06B3C6}
		{BE5C3AD6-74FF-4583-930B-30656AC59C4D} = {429C01C7-21C5-44F6-8D55-89029B7BA20A}
		{A2E99C02-6C20-490E-8227-8C88F0C959F9} = {29B69832-E2F4-41A3-9DFE-60BCE0A07654}
		{2B7326F0-A712-4C72-B7B9-0B942603A7D0} = {83B23B7E-395A-4522-BC7A-FCE01F2383E7}
	EndGlobalSection
EndGlobal
